
Microsoft Visual Studio Solution File, Format Version 12.00
# Visual Studio Version 17
VisualStudioVersion = 17.11.35312.102
MinimumVisualStudioVersion = 10.0.40219.1
Project("{9A19103F-16F7-4668-BE54-9A1E7A4F7556}") = "Tests", "Tests\Tests.csproj", "{9935CC1D-A491-4CD2-A3F8-1D925CBC2216}"
EndProject
Project("{FAE04EC0-301F-11D3-BF4B-00C04F79EFBC}") = "Labs", "Labs\Labs.csproj", "{6B3F3A64-E7FB-4FE6-8E8A-CC399851459B}"
EndProject
Global
	GlobalSection(SolutionConfigurationPlatforms) = preSolution
		Debug|Any CPU = Debug|Any CPU
		Release|Any CPU = Release|Any CPU
	EndGlobalSection
	GlobalSection(ProjectConfigurationPlatforms) = postSolution
		{9935CC1D-A491-4CD2-A3F8-1D925CBC2216}.Debug|Any CPU.ActiveCfg = Debug|Any CPU
		{9935CC1D-A491-4CD2-A3F8-1D925CBC2216}.Debug|Any CPU.Build.0 = Debug|Any CPU
		{9935CC1D-A491-4CD2-A3F8-1D925CBC2216}.Release|Any CPU.ActiveCfg = Release|Any CPU
		{9935CC1D-A491-4CD2-A3F8-1D925CBC2216}.Release|Any CPU.Build.0 = Release|Any CPU
		{6B3F3A64-E7FB-4FE6-8E8A-CC399851459B}.Debug|Any CPU.ActiveCfg = Debug|Any CPU
		{6B3F3A64-E7FB-4FE6-8E8A-CC399851459B}.Debug|Any CPU.Build.0 = Debug|Any CPU
		{6B3F3A64-E7FB-4FE6-8E8A-CC399851459B}.Release|Any CPU.ActiveCfg = Release|Any CPU
		{6B3F3A64-E7FB-4FE6-8E8A-CC399851459B}.Release|Any CPU.Build.0 = Release|Any CPU
	EndGlobalSection
	GlobalSection(SolutionProperties) = preSolution
		HideSolutionNode = FALSE
	EndGlobalSection
	GlobalSection(ExtensibilityGlobals) = postSolution
		SolutionGuid = {F49ACD9E-31C3-43A0-B176-25DB6FBC2657}
	EndGlobalSection
EndGlobal
